
Microsoft Visual Studio Solution File, Format Version 12.00
# Visual Studio Version 17
VisualStudioVersion = 17.5.33627.172
MinimumVisualStudioVersion = 10.0.40219.1
Project("{FAE04EC0-301F-11D3-BF4B-00C04F79EFBC}") = "DZ7", "DZ7\DZ7.csproj", "{B9DA12A6-938B-47A8-A117-CAE2DE65D55E}"
EndProject
Global
	GlobalSection(SolutionConfigurationPlatforms) = preSolution
		Debug|Any CPU = Debug|Any CPU
		Release|Any CPU = Release|Any CPU
	EndGlobalSection
	GlobalSection(ProjectConfigurationPlatforms) = postSolution
		{B9DA12A6-938B-47A8-A117-CAE2DE65D55E}.Debug|Any CPU.ActiveCfg = Debug|Any CPU
		{B9DA12A6-938B-47A8-A117-CAE2DE65D55E}.Debug|Any CPU.Build.0 = Debug|Any CPU
		{B9DA12A6-938B-47A8-A117-CAE2DE65D55E}.Release|Any CPU.ActiveCfg = Release|Any CPU
		{B9DA12A6-938B-47A8-A117-CAE2DE65D55E}.Release|Any CPU.Build.0 = Release|Any CPU
	EndGlobalSection
	GlobalSection(SolutionProperties) = preSolution
		HideSolutionNode = FALSE
	EndGlobalSection
	GlobalSection(ExtensibilityGlobals) = postSolution
		SolutionGuid = {7BB234F2-A6B2-44AE-BD69-ED30D357D3A5}
	EndGlobalSection
EndGlobal
